
Microsoft Visual Studio Solution File, Format Version 12.00
# Visual Studio Version 17
VisualStudioVersion = 17.7.34003.232
MinimumVisualStudioVersion = 10.0.40219.1
Project("{9A19103F-16F7-4668-BE54-9A1E7A4F7556}") = "APITracking", "APITracking\APITracking.csproj", "{510C3740-A9BD-43DF-B6D4-6B0D294A9375}"
EndProject
Project("{FAE04EC0-301F-11D3-BF4B-00C04F79EFBC}") = "Track_CLient", "Track_CLient\Track_CLient.csproj", "{676D8248-317E-43FC-B038-CB42E324184B}"
EndProject
Global
	GlobalSection(SolutionConfigurationPlatforms) = preSolution
		Debug|Any CPU = Debug|Any CPU
		Release|Any CPU = Release|Any CPU
	EndGlobalSection
	GlobalSection(ProjectConfigurationPlatforms) = postSolution
		{510C3740-A9BD-43DF-B6D4-6B0D294A9375}.Debug|Any CPU.ActiveCfg = Debug|Any CPU
		{510C3740-A9BD-43DF-B6D4-6B0D294A9375}.Debug|Any CPU.Build.0 = Debug|Any CPU
		{510C3740-A9BD-43DF-B6D4-6B0D294A9375}.Release|Any CPU.ActiveCfg = Release|Any CPU
		{510C3740-A9BD-43DF-B6D4-6B0D294A9375}.Release|Any CPU.Build.0 = Release|Any CPU
		{676D8248-317E-43FC-B038-CB42E324184B}.Debug|Any CPU.ActiveCfg = Debug|Any CPU
		{676D8248-317E-43FC-B038-CB42E324184B}.Debug|Any CPU.Build.0 = Debug|Any CPU
		{676D8248-317E-43FC-B038-CB42E324184B}.Release|Any CPU.ActiveCfg = Release|Any CPU
		{676D8248-317E-43FC-B038-CB42E324184B}.Release|Any CPU.Build.0 = Release|Any CPU
	EndGlobalSection
	GlobalSection(SolutionProperties) = preSolution
		HideSolutionNode = FALSE
	EndGlobalSection
	GlobalSection(ExtensibilityGlobals) = postSolution
		SolutionGuid = {E2AA1022-876F-4E66-A3EA-CD8C4FE23F85}
	EndGlobalSection
EndGlobal
